{"1.1.0",
[{<<"couchbeam">>,
  {git,"git://github.com/benoitc/couchbeam.git",
       {ref,"e740382618a35622e78579cdc1e0da857dda9df7"}},
  0},
 {<<"cowboy">>,
  {git,"git://github.com/ninenines/cowboy.git",
       {ref,"3d9078018d7f0a83a359b70c698d35e35fbb94f9"}},
  0},
 {<<"cowlib">>,
  {git,"git://github.com/ninenines/cowlib.git",
       {ref,"d544a494af4dbc810fc9c15eaf5cc050cced1501"}},
  1},
 {<<"hackney">>,{pkg,<<"hackney">>,<<"1.6.4">>},1},
 {<<"hamcrest">>,
  {git,"https://github.com/basho/hamcrest-erlang.git",
       {ref,"98bc7aa19ea081478c816824aa05fc5a48acae66"}},
  2},
 {<<"idna">>,
  {git,"git://github.com/benoitc/erlang-idna.git",
       {ref,"6cff72747821110169ecfac871b0c69e5064afff"}},
  0},
 {<<"jiffy">>,
  {git,"https://github.com/davisp/jiffy.git",
       {ref,"ee8b48cb448a999e1fddbb5e2e32e7dfe33acf5c"}},
  0},
 {<<"jsx">>,{pkg,<<"jsx">>,<<"2.8.0">>},1},
 {<<"metrics">>,{pkg,<<"metrics">>,<<"1.0.1">>},0},
 {<<"proper">>,
  {git,"git://github.com/proper-testing/proper.git",
       {ref,"cc01b149e3777dbcf97eecaaa081f6867e01a56f"}},
  0},
 {<<"protobuffs">>,
  {git,"https://github.com/basho/erlang_protobuffs.git",
       {ref,"0dde9d3b37b7bec3a4dfb0e87684dd7039e169ab"}},
  2},
 {<<"ranch">>,
  {git,"git://github.com/ninenines/ranch.git",
       {ref,"adf1822defc2b7cfdc7aca112adabfa1d614043c"}},
  1},
 {<<"riak_pb">>,
  {git,"https://github.com/basho/riak_pb",
       {ref,"cb15cc4770f3748289ba56245d62b1c0d07c33f7"}},
  1},
 {<<"riakc">>,
  {git,"https://github.com/basho/riak-erlang-client",
       {ref,"736ad33b6f1130bd8c4b5d1f639b8948c429daa4"}},
  0},
 {<<"unicode_util_compat">>,{pkg,<<"unicode_util_compat">>,<<"0.4.1">>},1}]}.
[
{pkg_hash,[
 {<<"hackney">>, <<"6363480405AE4B1D03D6233F32792F0C3CF765396CFDB7E1D07CAB3D3E41C53C">>},
 {<<"jsx">>, <<"749BEC6D205C694AE1786D62CEA6CC45A390437E24835FD16D12D74F07097727">>},
 {<<"metrics">>, <<"25F094DEA2CDA98213CECC3AEFF09E940299D950904393B2A29D191C346A8486">>},
 {<<"unicode_util_compat">>, <<"D869E4C68901DD9531385BB0C8C40444EBF624E60B6962D95952775CAC5E90CD">>}]}
].
